
Microsoft Visual Studio Solution File, Format Version 12.00
# Visual Studio Version 16
VisualStudioVersion = 16.0.30804.86
MinimumVisualStudioVersion = 10.0.40219.1
Project("{FAE04EC0-301F-11D3-BF4B-00C04F79EFBC}") = "VsTools.Projects", "VsTools.Projects\VsTools.Projects.csproj", "{D9F304B9-22C9-4436-9B2D-173131DAFA88}"
EndProject
Project("{FAE04EC0-301F-11D3-BF4B-00C04F79EFBC}") = "Test", "Test\Test.csproj", "{93FC0CDD-D95F-4FA2-888D-EE1295D9F053}"
EndProject
Global
	GlobalSection(SolutionConfigurationPlatforms) = preSolution
		Debug|Any CPU = Debug|Any CPU
		Release|Any CPU = Release|Any CPU
	EndGlobalSection
	GlobalSection(ProjectConfigurationPlatforms) = postSolution
		{D9F304B9-22C9-4436-9B2D-173131DAFA88}.Debug|Any CPU.ActiveCfg = Debug|Any CPU
		{D9F304B9-22C9-4436-9B2D-173131DAFA88}.Debug|Any CPU.Build.0 = Debug|Any CPU
		{D9F304B9-22C9-4436-9B2D-173131DAFA88}.Release|Any CPU.ActiveCfg = Release|Any CPU
		{D9F304B9-22C9-4436-9B2D-173131DAFA88}.Release|Any CPU.Build.0 = Release|Any CPU
		{93FC0CDD-D95F-4FA2-888D-EE1295D9F053}.Debug|Any CPU.ActiveCfg = Debug|Any CPU
		{93FC0CDD-D95F-4FA2-888D-EE1295D9F053}.Debug|Any CPU.Build.0 = Debug|Any CPU
		{93FC0CDD-D95F-4FA2-888D-EE1295D9F053}.Release|Any CPU.ActiveCfg = Release|Any CPU
		{93FC0CDD-D95F-4FA2-888D-EE1295D9F053}.Release|Any CPU.Build.0 = Release|Any CPU
	EndGlobalSection
	GlobalSection(SolutionProperties) = preSolution
		HideSolutionNode = FALSE
	EndGlobalSection
	GlobalSection(ExtensibilityGlobals) = postSolution
		SolutionGuid = {4F2CD0FF-91D4-46F3-9924-16B581DA7D51}
	EndGlobalSection
EndGlobal
